// !$*UTF8*$!
{
	archiveVersion = 1;
	classes = {
	};
	objectVersion = 77;
	objects = {

/* Begin PBXContainerItemProxy section */
		3174E0B22D9D80B1008195AE /* PBXContainerItemProxy */ = {
			isa = PBXContainerItemProxy;
			containerPortal = 3174E09C2D9D80AE008195AE /* Project object */;
			proxyType = 1;
			remoteGlobalIDString = 3174E0A32D9D80AF008195AE;
			remoteInfo = CustomUIMock;
		};
		3174E0BC2D9D80B1008195AE /* PBXContainerItemProxy */ = {
			isa = PBXContainerItemProxy;
			containerPortal = 3174E09C2D9D80AE008195AE /* Project object */;
			proxyType = 1;
			remoteGlobalIDString = 3174E0A32D9D80AF008195AE;
			remoteInfo = CustomUIMock;
		};
/* End PBXContainerItemProxy section */

/* Begin PBXFileReference section */
		3174E0A42D9D80AF008195AE /* CustomUIMock.app */ = {isa = PBXFileReference; explicitFileType = wrapper.application; includeInIndex = 0; path = CustomUIMock.app; sourceTree = BUILT_PRODUCTS_DIR; };
		3174E0B12D9D80B1008195AE /* CustomUIMockTests.xctest */ = {isa = PBXFileReference; explicitFileType = wrapper.cfbundle; includeInIndex = 0; path = CustomUIMockTests.xctest; sourceTree = BUILT_PRODUCTS_DIR; };
		3174E0BB2D9D80B1008195AE /* CustomUIMockUITests.xctest */ = {isa = PBXFileReference; explicitFileType = wrapper.cfbundle; includeInIndex = 0; path = CustomUIMockUITests.xctest; sourceTree = BUILT_PRODUCTS_DIR; };
/* End PBXFileReference section */

/* Begin PBXFileSystemSynchronizedRootGroup section */
		3174E0A62D9D80AF008195AE /* CustomUIMock */ = {
			isa = PBXFileSystemSynchronizedRootGroup;
			path = CustomUIMock;
			sourceTree = "<group>";
		};
		3174E0B42D9D80B1008195AE /* CustomUIMockTests */ = {
			isa = PBXFileSystemSynchronizedRootGroup;
			path = CustomUIMockTests;
			sourceTree = "<group>";
		};
		3174E0BE2D9D80B1008195AE /* CustomUIMockUITests */ = {
			isa = PBXFileSystemSynchronizedRootGroup;
			path = CustomUIMockUITests;
			sourceTree = "<group>";
		};
/* End PBXFileSystemSynchronizedRootGroup section */

/* Begin PBXFrameworksBuildPhase section */
		3174E0A12D9D80AF008195AE /* Frameworks */ = {
			isa = PBXFrameworksBuildPhase;
			buildActionMask = 2147483647;
			files = (
			);
			runOnlyForDeploymentPostprocessing = 0;
		};
		3174E0AE2D9D80B1008195AE /* Frameworks */ = {
			isa = PBXFrameworksBuildPhase;
			buildActionMask = 2147483647;
			files = (
			);
			runOnlyForDeploymentPostprocessing = 0;
		};
		3174E0B82D9D80B1008195AE /* Frameworks */ = {
			isa = PBXFrameworksBuildPhase;
			buildActionMask = 2147483647;
			files = (
			);
			runOnlyForDeploymentPostprocessing = 0;
		};
/* End PBXFrameworksBuildPhase section */

/* Begin PBXGroup section */
		3174E09B2D9D80AE008195AE = {
			isa = PBXGroup;
			children = (
				3174E0A62D9D80AF008195AE /* CustomUIMock */,
				3174E0B42D9D80B1008195AE /* CustomUIMockTests */,
				3174E0BE2D9D80B1008195AE /* CustomUIMockUITests */,
				3174E0A52D9D80AF008195AE /* Products */,
			);
			sourceTree = "<group>";
		};
		3174E0A52D9D80AF008195AE /* Products */ = {
			isa = PBXGroup;
			children = (
				3174E0A42D9D80AF008195AE /* CustomUIMock.app */,
				3174E0B12D9D80B1008195AE /* CustomUIMockTests.xctest */,
				3174E0BB2D9D80B1008195AE /* CustomUIMockUITests.xctest */,
			);
			name = Products;
			sourceTree = "<group>";
		};
/* End PBXGroup section */

/* Begin PBXNativeTarget section */
		3174E0A32D9D80AF008195AE /* CustomUIMock */ = {
			isa = PBXNativeTarget;
			buildConfigurationList = 3174E0C52D9D80B1008195AE /* Build configuration list for PBXNativeTarget "CustomUIMock" */;
			buildPhases = (
				3174E0A02D9D80AF008195AE /* Sources */,
				3174E0A12D9D80AF008195AE /* Frameworks */,
				3174E0A22D9D80AF008195AE /* Resources */,
			);
			buildRules = (
			);
			dependencies = (
			);
			fileSystemSynchronizedGroups = (
				3174E0A62D9D80AF008195AE /* CustomUIMock */,
			);
			name = CustomUIMock;
			packageProductDependencies = (
			);
			productName = CustomUIMock;
			productReference = 3174E0A42D9D80AF008195AE /* CustomUIMock.app */;
			productType = "com.apple.product-type.application";
		};
		3174E0B02D9D80B1008195AE /* CustomUIMockTests */ = {
			isa = PBXNativeTarget;
			buildConfigurationList = 3174E0C82D9D80B1008195AE /* Build configuration list for PBXNativeTarget "CustomUIMockTests" */;
			buildPhases = (
				3174E0AD2D9D80B1008195AE /* Sources */,
				3174E0AE2D9D80B1008195AE /* Frameworks */,
				3174E0AF2D9D80B1008195AE /* Resources */,
			);
			buildRules = (
			);
			dependencies = (
				3174E0B32D9D80B1008195AE /* PBXTargetDependency */,
			);
			fileSystemSynchronizedGroups = (
				3174E0B42D9D80B1008195AE /* CustomUIMockTests */,
			);
			name = CustomUIMockTests;
			packageProductDependencies = (
			);
			productName = CustomUIMockTests;
			productReference = 3174E0B12D9D80B1008195AE /* CustomUIMockTests.xctest */;
			productType = "com.apple.product-type.bundle.unit-test";
		};
		3174E0BA2D9D80B1008195AE /* CustomUIMockUITests */ = {
			isa = PBXNativeTarget;
			buildConfigurationList = 3174E0CB2D9D80B1008195AE /* Build configuration list for PBXNativeTarget "CustomUIMockUITests" */;
			buildPhases = (
				3174E0B72D9D80B1008195AE /* Sources */,
				3174E0B82D9D80B1008195AE /* Frameworks */,
				3174E0B92D9D80B1008195AE /* Resources */,
			);
			buildRules = (
			);
			dependencies = (
				3174E0BD2D9D80B1008195AE /* PBXTargetDependency */,
			);
			fileSystemSynchronizedGroups = (
				3174E0BE2D9D80B1008195AE /* CustomUIMockUITests */,
			);
			name = CustomUIMockUITests;
			packageProductDependencies = (
			);
			productName = CustomUIMockUITests;
			productReference = 3174E0BB2D9D80B1008195AE /* CustomUIMockUITests.xctest */;
			productType = "com.apple.product-type.bundle.ui-testing";
		};
/* End PBXNativeTarget section */

/* Begin PBXProject section */
		3174E09C2D9D80AE008195AE /* Project object */ = {
			isa = PBXProject;
			attributes = {
				BuildIndependentTargetsInParallel = 1;
				LastSwiftUpdateCheck = 1630;
				LastUpgradeCheck = 1630;
				TargetAttributes = {
					3174E0A32D9D80AF008195AE = {
						CreatedOnToolsVersion = 16.3;
					};
					3174E0B02D9D80B1008195AE = {
						CreatedOnToolsVersion = 16.3;
						TestTargetID = 3174E0A32D9D80AF008195AE;
					};
					3174E0BA2D9D80B1008195AE = {
						CreatedOnToolsVersion = 16.3;
						TestTargetID = 3174E0A32D9D80AF008195AE;
					};
				};
			};
			buildConfigurationList = 3174E09F2D9D80AE008195AE /* Build configuration list for PBXProject "CustomUIMock" */;
			developmentRegion = en;
			hasScannedForEncodings = 0;
			knownRegions = (
				en,
				Base,
			);
			mainGroup = 3174E09B2D9D80AE008195AE;
			minimizedProjectReferenceProxies = 1;
			preferredProjectObjectVersion = 77;
			productRefGroup = 3174E0A52D9D80AF008195AE /* Products */;
			projectDirPath = "";
			projectRoot = "";
			targets = (
				3174E0A32D9D80AF008195AE /* CustomUIMock */,
				3174E0B02D9D80B1008195AE /* CustomUIMockTests */,
				3174E0BA2D9D80B1008195AE /* CustomUIMockUITests */,
			);
		};
/* End PBXProject section */

/* Begin PBXResourcesBuildPhase section */
		3174E0A22D9D80AF008195AE /* Resources */ = {
			isa = PBXResourcesBuildPhase;
			buildActionMask = 2147483647;
			files = (
			);
			runOnlyForDeploymentPostprocessing = 0;
		};
		3174E0AF2D9D80B1008195AE /* Resources */ = {
			isa = PBXResourcesBuildPhase;
			buildActionMask = 2147483647;
			files = (
			);
			runOnlyForDeploymentPostprocessing = 0;
		};
		3174E0B92D9D80B1008195AE /* Resources */ = {
			isa = PBXResourcesBuildPhase;
			buildActionMask = 2147483647;
			files = (
			);
			runOnlyForDeploymentPostprocessing = 0;
		};
/* End PBXResourcesBuildPhase section */

/* Begin PBXSourcesBuildPhase section */
		3174E0A02D9D80AF008195AE /* Sources */ = {
			isa = PBXSourcesBuildPhase;
			buildActionMask = 2147483647;
			files = (
			);
			runOnlyForDeploymentPostprocessing = 0;
		};
		3174E0AD2D9D80B1008195AE /* Sources */ = {
			isa = PBXSourcesBuildPhase;
			buildActionMask = 2147483647;
			files = (
			);
			runOnlyForDeploymentPostprocessing = 0;
		};
		3174E0B72D9D80B1008195AE /* Sources */ = {
			isa = PBXSourcesBuildPhase;
			buildActionMask = 2147483647;
			files = (
			);
			runOnlyForDeploymentPostprocessing = 0;
		};
/* End PBXSourcesBuildPhase section */

/* Begin PBXTargetDependency section */
		3174E0B32D9D80B1008195AE /* PBXTargetDependency */ = {
			isa = PBXTargetDependency;
			target = 3174E0A32D9D80AF008195AE /* CustomUIMock */;
			targetProxy = 3174E0B22D9D80B1008195AE /* PBXContainerItemProxy */;
		};
		3174E0BD2D9D80B1008195AE /* PBXTargetDependency */ = {
			isa = PBXTargetDependency;
			target = 3174E0A32D9D80AF008195AE /* CustomUIMock */;
			targetProxy = 3174E0BC2D9D80B1008195AE /* PBXContainerItemProxy */;
		};
/* End PBXTargetDependency section */

/* Begin XCBuildConfiguration section */
		3174E0C32D9D80B1008195AE /* Debug */ = {
			isa = XCBuildConfiguration;
			buildSettings = {
				ALWAYS_SEARCH_USER_PATHS = NO;
				ASSETCATALOG_COMPILER_GENERATE_SWIFT_ASSET_SYMBOL_EXTENSIONS = YES;
				CLANG_ANALYZER_NONNULL = YES;
				CLANG_ANALYZER_NUMBER_OBJECT_CONVERSION = YES_AGGRESSIVE;
				CLANG_CXX_LANGUAGE_STANDARD = "gnu++20";
				CLANG_ENABLE_MODULES = YES;
				CLANG_ENABLE_OBJC_ARC = YES;
				CLANG_ENABLE_OBJC_WEAK = YES;
				CLANG_WARN_BLOCK_CAPTURE_AUTORELEASING = YES;
				CLANG_WARN_BOOL_CONVERSION = YES;
				CLANG_WARN_COMMA = YES;
				CLANG_WARN_CONSTANT_CONVERSION = YES;
				CLANG_WARN_DEPRECATED_OBJC_IMPLEMENTATIONS = YES;
				CLANG_WARN_DIRECT_OBJC_ISA_USAGE = YES_ERROR;
				CLANG_WARN_DOCUMENTATION_COMMENTS = YES;
				CLANG_WARN_EMPTY_BODY = YES;
				CLANG_WARN_ENUM_CONVERSION = YES;
				CLANG_WARN_INFINITE_RECURSION = YES;
				CLANG_WARN_INT_CONVERSION = YES;
				CLANG_WARN_NON_LITERAL_NULL_CONVERSION = YES;
				CLANG_WARN_OBJC_IMPLICIT_RETAIN_SELF = YES;
				CLANG_WARN_OBJC_LITERAL_CONVERSION = YES;
				CLANG_WARN_OBJC_ROOT_CLASS = YES_ERROR;
				CLANG_WARN_QUOTED_INCLUDE_IN_FRAMEWORK_HEADER = YES;
				CLANG_WARN_RANGE_LOOP_ANALYSIS = YES;
				CLANG_WARN_STRICT_PROTOTYPES = YES;
				CLANG_WARN_SUSPICIOUS_MOVE = YES;
				CLANG_WARN_UNGUARDED_AVAILABILITY = YES_AGGRESSIVE;
				CLANG_WARN_UNREACHABLE_CODE = YES;
				CLANG_WARN__DUPLICATE_METHOD_MATCH = YES;
				COPY_PHASE_STRIP = NO;
				DEBUG_INFORMATION_FORMAT = dwarf;
				DEVELOPMENT_TEAM = 7WP8K9W8JQ;
				ENABLE_STRICT_OBJC_MSGSEND = YES;
				ENABLE_TESTABILITY = YES;
				ENABLE_USER_SCRIPT_SANDBOXING = YES;
				GCC_C_LANGUAGE_STANDARD = gnu17;
				GCC_DYNAMIC_NO_PIC = NO;
				GCC_NO_COMMON_BLOCKS = YES;
				GCC_OPTIMIZATION_LEVEL = 0;
				GCC_PREPROCESSOR_DEFINITIONS = (
					"DEBUG=1",
					"$(inherited)",
				);
				GCC_WARN_64_TO_32_BIT_CONVERSION = YES;
				GCC_WARN_ABOUT_RETURN_TYPE = YES_ERROR;
				GCC_WARN_UNDECLARED_SELECTOR = YES;
				GCC_WARN_UNINITIALIZED_AUTOS = YES_AGGRESSIVE;
				GCC_WARN_UNUSED_FUNCTION = YES;
				GCC_WARN_UNUSED_VARIABLE = YES;
				IPHONEOS_DEPLOYMENT_TARGET = 18.4;
				LOCALIZATION_PREFERS_STRING_CATALOGS = YES;
				MTL_ENABLE_DEBUG_INFO = INCLUDE_SOURCE;
				MTL_FAST_MATH = YES;
				ONLY_ACTIVE_ARCH = YES;
				SDKROOT = iphoneos;
				SWIFT_ACTIVE_COMPILATION_CONDITIONS = "DEBUG $(inherited)";
				SWIFT_OPTIMIZATION_LEVEL = "-Onone";
			};
			name = Debug;
		};
		3174E0C42D9D80B1008195AE /* Release */ = {
			isa = XCBuildConfiguration;
			buildSettings = {
				ALWAYS_SEARCH_USER_PATHS = NO;
				ASSETCATALOG_COMPILER_GENERATE_SWIFT_ASSET_SYMBOL_EXTENSIONS = YES;
				CLANG_ANALYZER_NONNULL = YES;
				CLANG_ANALYZER_NUMBER_OBJECT_CONVERSION = YES_AGGRESSIVE;
				CLANG_CXX_LANGUAGE_STANDARD = "gnu++20";
				CLANG_ENABLE_MODULES = YES;
				CLANG_ENABLE_OBJC_ARC = YES;
				CLANG_ENABLE_OBJC_WEAK = YES;
				CLANG_WARN_BLOCK_CAPTURE_AUTORELEASING = YES;
				CLANG_WARN_BOOL_CONVERSION = YES;
				CLANG_WARN_COMMA = YES;
				CLANG_WARN_CONSTANT_CONVERSION = YES;
				CLANG_WARN_DEPRECATED_OBJC_IMPLEMENTATIONS = YES;
				CLANG_WARN_DIRECT_OBJC_ISA_USAGE = YES_ERROR;
				CLANG_WARN_DOCUMENTATION_COMMENTS = YES;
				CLANG_WARN_EMPTY_BODY = YES;
				CLANG_WARN_ENUM_CONVERSION = YES;
				CLANG_WARN_INFINITE_RECURSION = YES;
				CLANG_WARN_INT_CONVERSION = YES;
				CLANG_WARN_NON_LITERAL_NULL_CONVERSION = YES;
				CLANG_WARN_OBJC_IMPLICIT_RETAIN_SELF = YES;
				CLANG_WARN_OBJC_LITERAL_CONVERSION = YES;
				CLANG_WARN_OBJC_ROOT_CLASS = YES_ERROR;
				CLANG_WARN_QUOTED_INCLUDE_IN_FRAMEWORK_HEADER = YES;
				CLANG_WARN_RANGE_LOOP_ANALYSIS = YES;
				CLANG_WARN_STRICT_PROTOTYPES = YES;
				CLANG_WARN_SUSPICIOUS_MOVE = YES;
				CLANG_WARN_UNGUARDED_AVAILABILITY = YES_AGGRESSIVE;
				CLANG_WARN_UNREACHABLE_CODE = YES;
				CLANG_WARN__DUPLICATE_METHOD_MATCH = YES;
				COPY_PHASE_STRIP = NO;
				DEBUG_INFORMATION_FORMAT = "dwarf-with-dsym";
				DEVELOPMENT_TEAM = 7WP8K9W8JQ;
				ENABLE_NS_ASSERTIONS = NO;
				ENABLE_STRICT_OBJC_MSGSEND = YES;
				ENABLE_USER_SCRIPT_SANDBOXING = YES;
				GCC_C_LANGUAGE_STANDARD = gnu17;
				GCC_NO_COMMON_BLOCKS = YES;
				GCC_WARN_64_TO_32_BIT_CONVERSION = YES;
				GCC_WARN_ABOUT_RETURN_TYPE = YES_ERROR;
				GCC_WARN_UNDECLARED_SELECTOR = YES;
				GCC_WARN_UNINITIALIZED_AUTOS = YES_AGGRESSIVE;
				GCC_WARN_UNUSED_FUNCTION = YES;
				GCC_WARN_UNUSED_VARIABLE = YES;
				IPHONEOS_DEPLOYMENT_TARGET = 18.4;
				LOCALIZATION_PREFERS_STRING_CATALOGS = YES;
				MTL_ENABLE_DEBUG_INFO = NO;
				MTL_FAST_MATH = YES;
				SDKROOT = iphoneos;
				SWIFT_COMPILATION_MODE = wholemodule;
				VALIDATE_PRODUCT = YES;
			};
			name = Release;
		};
		3174E0C62D9D80B1008195AE /* Debug */ = {
			isa = XCBuildConfiguration;
			buildSettings = {
				ASSETCATALOG_COMPILER_APPICON_NAME = AppIcon;
				ASSETCATALOG_COMPILER_GLOBAL_ACCENT_COLOR_NAME = AccentColor;
				CODE_SIGN_STYLE = Automatic;
				CURRENT_PROJECT_VERSION = 1;
				DEVELOPMENT_TEAM = 7WP8K9W8JQ;
				ENABLE_PREVIEWS = YES;
				GENERATE_INFOPLIST_FILE = YES;
				INFOPLIST_KEY_UIApplicationSceneManifest_Generation = YES;
				INFOPLIST_KEY_UIApplicationSupportsIndirectInputEvents = YES;
				INFOPLIST_KEY_UILaunchScreen_Generation = YES;
				INFOPLIST_KEY_UISupportedInterfaceOrientations_iPad = "UIInterfaceOrientationPortrait UIInterfaceOrientationPortraitUpsideDown UIInterfaceOrientationLandscapeLeft UIInterfaceOrientationLandscapeRight";
				INFOPLIST_KEY_UISupportedInterfaceOrientations_iPhone = "UIInterfaceOrientationPortrait UIInterfaceOrientationLandscapeLeft UIInterfaceOrientationLandscapeRight";
				LD_RUNPATH_SEARCH_PATHS = (
					"$(inherited)",
					"@executable_path/Frameworks",
				);
				MARKETING_VERSION = 1.0;
				PRODUCT_BUNDLE_IDENTIFIER = "Swift-Aki.CustomUIMock";
				PRODUCT_NAME = "$(TARGET_NAME)";
				SWIFT_EMIT_LOC_STRINGS = YES;
				SWIFT_VERSION = 5.0;
				TARGETED_DEVICE_FAMILY = "1,2";
			};
			name = Debug;
		};
		3174E0C72D9D80B1008195AE /* Release */ = {
			isa = XCBuildConfiguration;
			buildSettings = {
				ASSETCATALOG_COMPILER_APPICON_NAME = AppIcon;
				ASSETCATALOG_COMPILER_GLOBAL_ACCENT_COLOR_NAME = AccentColor;
				CODE_SIGN_STYLE = Automatic;
				CURRENT_PROJECT_VERSION = 1;
				DEVELOPMENT_TEAM = 7WP8K9W8JQ;
				ENABLE_PREVIEWS = YES;
				GENERATE_INFOPLIST_FILE = YES;
				INFOPLIST_KEY_UIApplicationSceneManifest_Generation = YES;
				INFOPLIST_KEY_UIApplicationSupportsIndirectInputEvents = YES;
				INFOPLIST_KEY_UILaunchScreen_Generation = YES;
				INFOPLIST_KEY_UISupportedInterfaceOrientations_iPad = "UIInterfaceOrientationPortrait UIInterfaceOrientationPortraitUpsideDown UIInterfaceOrientationLandscapeLeft UIInterfaceOrientationLandscapeRight";
				INFOPLIST_KEY_UISupportedInterfaceOrientations_iPhone = "UIInterfaceOrientationPortrait UIInterfaceOrientationLandscapeLeft UIInterfaceOrientationLandscapeRight";
				LD_RUNPATH_SEARCH_PATHS = (
					"$(inherited)",
					"@executable_path/Frameworks",
				);
				MARKETING_VERSION = 1.0;
				PRODUCT_BUNDLE_IDENTIFIER = "Swift-Aki.CustomUIMock";
				PRODUCT_NAME = "$(TARGET_NAME)";
				SWIFT_EMIT_LOC_STRINGS = YES;
				SWIFT_VERSION = 5.0;
				TARGETED_DEVICE_FAMILY = "1,2";
			};
			name = Release;
		};
		3174E0C92D9D80B1008195AE /* Debug */ = {
			isa = XCBuildConfiguration;
			buildSettings = {
				BUNDLE_LOADER = "$(TEST_HOST)";
				CODE_SIGN_STYLE = Automatic;
				CURRENT_PROJECT_VERSION = 1;
				DEVELOPMENT_TEAM = 7WP8K9W8JQ;
				GENERATE_INFOPLIST_FILE = YES;
				IPHONEOS_DEPLOYMENT_TARGET = 18.4;
				MARKETING_VERSION = 1.0;
				PRODUCT_BUNDLE_IDENTIFIER = "Swift-Aki.CustomUIMockTests";
				PRODUCT_NAME = "$(TARGET_NAME)";
				SWIFT_EMIT_LOC_STRINGS = NO;
				SWIFT_VERSION = 5.0;
				TARGETED_DEVICE_FAMILY = "1,2";
				TEST_HOST = "$(BUILT_PRODUCTS_DIR)/CustomUIMock.app/$(BUNDLE_EXECUTABLE_FOLDER_PATH)/CustomUIMock";
			};
			name = Debug;
		};
		3174E0CA2D9D80B1008195AE /* Release */ = {
			isa = XCBuildConfiguration;
			buildSettings = {
				BUNDLE_LOADER = "$(TEST_HOST)";
				CODE_SIGN_STYLE = Automatic;
				CURRENT_PROJECT_VERSION = 1;
				DEVELOPMENT_TEAM = 7WP8K9W8JQ;
				GENERATE_INFOPLIST_FILE = YES;
				IPHONEOS_DEPLOYMENT_TARGET = 18.4;
				MARKETING_VERSION = 1.0;
				PRODUCT_BUNDLE_IDENTIFIER = "Swift-Aki.CustomUIMockTests";
				PRODUCT_NAME = "$(TARGET_NAME)";
				SWIFT_EMIT_LOC_STRINGS = NO;
				SWIFT_VERSION = 5.0;
				TARGETED_DEVICE_FAMILY = "1,2";
				TEST_HOST = "$(BUILT_PRODUCTS_DIR)/CustomUIMock.app/$(BUNDLE_EXECUTABLE_FOLDER_PATH)/CustomUIMock";
			};
			name = Release;
		};
		3174E0CC2D9D80B1008195AE /* Debug */ = {
			isa = XCBuildConfiguration;
			buildSettings = {
				CODE_SIGN_STYLE = Automatic;
				CURRENT_PROJECT_VERSION = 1;
				DEVELOPMENT_TEAM = 7WP8K9W8JQ;
				GENERATE_INFOPLIST_FILE = YES;
				MARKETING_VERSION = 1.0;
				PRODUCT_BUNDLE_IDENTIFIER = "Swift-Aki.CustomUIMockUITests";
				PRODUCT_NAME = "$(TARGET_NAME)";
				SWIFT_EMIT_LOC_STRINGS = NO;
				SWIFT_VERSION = 5.0;
				TARGETED_DEVICE_FAMILY = "1,2";
				TEST_TARGET_NAME = CustomUIMock;
			};
			name = Debug;
		};
		3174E0CD2D9D80B1008195AE /* Release */ = {
			isa = XCBuildConfiguration;
			buildSettings = {
				CODE_SIGN_STYLE = Automatic;
				CURRENT_PROJECT_VERSION = 1;
				DEVELOPMENT_TEAM = 7WP8K9W8JQ;
				GENERATE_INFOPLIST_FILE = YES;
				MARKETING_VERSION = 1.0;
				PRODUCT_BUNDLE_IDENTIFIER = "Swift-Aki.CustomUIMockUITests";
				PRODUCT_NAME = "$(TARGET_NAME)";
				SWIFT_EMIT_LOC_STRINGS = NO;
				SWIFT_VERSION = 5.0;
				TARGETED_DEVICE_FAMILY = "1,2";
				TEST_TARGET_NAME = CustomUIMock;
			};
			name = Release;
		};
/* End XCBuildConfiguration section */

/* Begin XCConfigurationList section */
		3174E09F2D9D80AE008195AE /* Build configuration list for PBXProject "CustomUIMock" */ = {
			isa = XCConfigurationList;
			buildConfigurations = (
				3174E0C32D9D80B1008195AE /* Debug */,
				3174E0C42D9D80B1008195AE /* Release */,
			);
			defaultConfigurationIsVisible = 0;
			defaultConfigurationName = Release;
		};
		3174E0C52D9D80B1008195AE /* Build configuration list for PBXNativeTarget "CustomUIMock" */ = {
			isa = XCConfigurationList;
			buildConfigurations = (
				3174E0C62D9D80B1008195AE /* Debug */,
				3174E0C72D9D80B1008195AE /* Release */,
			);
			defaultConfigurationIsVisible = 0;
			defaultConfigurationName = Release;
		};
		3174E0C82D9D80B1008195AE /* Build configuration list for PBXNativeTarget "CustomUIMockTests" */ = {
			isa = XCConfigurationList;
			buildConfigurations = (
				3174E0C92D9D80B1008195AE /* Debug */,
				3174E0CA2D9D80B1008195AE /* Release */,
			);
			defaultConfigurationIsVisible = 0;
			defaultConfigurationName = Release;
		};
		3174E0CB2D9D80B1008195AE /* Build configuration list for PBXNativeTarget "CustomUIMockUITests" */ = {
			isa = XCConfigurationList;
			buildConfigurations = (
				3174E0CC2D9D80B1008195AE /* Debug */,
				3174E0CD2D9D80B1008195AE /* Release */,
			);
			defaultConfigurationIsVisible = 0;
			defaultConfigurationName = Release;
		};
/* End XCConfigurationList section */
	};
	rootObject = 3174E09C2D9D80AE008195AE /* Project object */;
}
